
Microsoft Visual Studio Solution File, Format Version 12.00
# Visual Studio 14
VisualStudioVersion = 14.0.23107.0
MinimumVisualStudioVersion = 10.0.40219.1
Project("{FAE04EC0-301F-11D3-BF4B-00C04F79EFBC}") = "ReadLaterBot", "ReadLaterBoot\ReadLaterBot.csproj", "{68EE4F0F-4AA0-456D-84EE-86E9585C5AAC}"
EndProject
Project("{FAE04EC0-301F-11D3-BF4B-00C04F79EFBC}") = "ReadLaterBot.Test", "ReadLaterBot.Test\ReadLaterBot.Test.csproj", "{0C4011CF-31E8-4D77-BA7A-59735085CB6D}"
EndProject
Project("{FAE04EC0-301F-11D3-BF4B-00C04F79EFBC}") = "ReadLaterBot.Pooling.Agent", "ReadLaterBot.Pooling.Agent\ReadLaterBot.Pooling.Agent.csproj", "{1E7D4321-6AF5-486A-900D-25DED11F54CD}"
EndProject
Global
	GlobalSection(SolutionConfigurationPlatforms) = preSolution
		Debug|Any CPU = Debug|Any CPU
		Release|Any CPU = Release|Any CPU
	EndGlobalSection
	GlobalSection(ProjectConfigurationPlatforms) = postSolution
		{68EE4F0F-4AA0-456D-84EE-86E9585C5AAC}.Debug|Any CPU.ActiveCfg = Debug|Any CPU
		{68EE4F0F-4AA0-456D-84EE-86E9585C5AAC}.Debug|Any CPU.Build.0 = Debug|Any CPU
		{68EE4F0F-4AA0-456D-84EE-86E9585C5AAC}.Release|Any CPU.ActiveCfg = Release|Any CPU
		{68EE4F0F-4AA0-456D-84EE-86E9585C5AAC}.Release|Any CPU.Build.0 = Release|Any CPU
		{0C4011CF-31E8-4D77-BA7A-59735085CB6D}.Debug|Any CPU.ActiveCfg = Debug|Any CPU
		{0C4011CF-31E8-4D77-BA7A-59735085CB6D}.Debug|Any CPU.Build.0 = Debug|Any CPU
		{0C4011CF-31E8-4D77-BA7A-59735085CB6D}.Release|Any CPU.ActiveCfg = Release|Any CPU
		{0C4011CF-31E8-4D77-BA7A-59735085CB6D}.Release|Any CPU.Build.0 = Release|Any CPU
		{1E7D4321-6AF5-486A-900D-25DED11F54CD}.Debug|Any CPU.ActiveCfg = Debug|Any CPU
		{1E7D4321-6AF5-486A-900D-25DED11F54CD}.Debug|Any CPU.Build.0 = Debug|Any CPU
		{1E7D4321-6AF5-486A-900D-25DED11F54CD}.Release|Any CPU.ActiveCfg = Release|Any CPU
		{1E7D4321-6AF5-486A-900D-25DED11F54CD}.Release|Any CPU.Build.0 = Release|Any CPU
	EndGlobalSection
	GlobalSection(SolutionProperties) = preSolution
		HideSolutionNode = FALSE
	EndGlobalSection
EndGlobal
